
Microsoft Visual Studio Solution File, Format Version 12.00
# Visual Studio Version 17
VisualStudioVersion = 17.9.34723.18
MinimumVisualStudioVersion = 10.0.40219.1
Project("{2150E333-8FDC-42A3-9474-1A3956D46DE8}") = "01", "01", "{F2A016D4-B1CB-4599-8FCF-143E0A154BC0}"
EndProject
Project("{9A19103F-16F7-4668-BE54-9A1E7A4F7556}") = "ConsoleApp01", "ConsoleApp01\ConsoleApp01.csproj", "{6420E259-E1EA-4B30-8910-E0B457ADDDF1}"
EndProject
Project("{2150E333-8FDC-42A3-9474-1A3956D46DE8}") = "02", "02", "{800A1FF6-C9F1-4122-857E-92B23A2012C8}"
EndProject
Project("{9A19103F-16F7-4668-BE54-9A1E7A4F7556}") = "ConsoleApp02", "ConsoleApp02\ConsoleApp02.csproj", "{F5EECFC2-15FD-4FC3-B531-C0E4AC1605FB}"
EndProject
Project("{2150E333-8FDC-42A3-9474-1A3956D46DE8}") = "03", "03", "{8435170F-22BC-440A-AD47-91941E2A03C0}"
EndProject
Project("{9A19103F-16F7-4668-BE54-9A1E7A4F7556}") = "ConsoleApp03", "ConsoleApp03\ConsoleApp03.csproj", "{7BB4CD64-13F1-4E92-9893-3572194FF722}"
EndProject
Project("{2150E333-8FDC-42A3-9474-1A3956D46DE8}") = "04", "04", "{04F4E3D7-38E5-43AD-9922-A2904019CFB6}"
EndProject
Project("{9A19103F-16F7-4668-BE54-9A1E7A4F7556}") = "ConsoleApp04", "ConsoleApp04\ConsoleApp04.csproj", "{D6D4BBE1-D816-4892-9CFD-1ADC1BED0DC0}"
EndProject
Project("{2150E333-8FDC-42A3-9474-1A3956D46DE8}") = "05", "05", "{CB4647EA-5346-4DEE-A6F6-041E22761304}"
EndProject
Project("{9A19103F-16F7-4668-BE54-9A1E7A4F7556}") = "ConsoleApp05", "ConsoleApp05\ConsoleApp05.csproj", "{39B8AACB-D938-412D-815A-6469245BFAC7}"
EndProject
Project("{2150E333-8FDC-42A3-9474-1A3956D46DE8}") = "07", "07", "{A36F80EE-D9BA-4F37-BCFD-CD1CA01E2A88}"
EndProject
Project("{9A19103F-16F7-4668-BE54-9A1E7A4F7556}") = "ConsoleApp07", "ConsoleApp07\ConsoleApp07.csproj", "{791B7B93-5BC6-43ED-98F5-754DBC717247}"
EndProject
Project("{2150E333-8FDC-42A3-9474-1A3956D46DE8}") = "12", "12", "{2F6EDB7A-3A15-4E8F-B6FC-E3140FC724D8}"
EndProject
Project("{9A19103F-16F7-4668-BE54-9A1E7A4F7556}") = "ConsoleApp12", "ConsoleApp12\ConsoleApp12.csproj", "{698C1565-1900-424F-B1E2-C8022DA87F3D}"
EndProject
Project("{2150E333-8FDC-42A3-9474-1A3956D46DE8}") = "14", "14", "{3F70B709-E564-422E-A649-7CED928E91B3}"
EndProject
Project("{9A19103F-16F7-4668-BE54-9A1E7A4F7556}") = "ConsoleApp14", "ConsoleApp14\ConsoleApp14.csproj", "{62E7FD19-3465-4BC8-90DC-93B46D5ACA7A}"
EndProject
Project("{2150E333-8FDC-42A3-9474-1A3956D46DE8}") = "15", "15", "{B6AD7273-0931-4E8E-8DBF-46E6851010CB}"
EndProject
Project("{9A19103F-16F7-4668-BE54-9A1E7A4F7556}") = "ConsoleApp15", "ConsoleApp15\ConsoleApp15.csproj", "{682EA7E5-5CF6-4FC0-9FE3-F141C87CD4BC}"
EndProject
Project("{2150E333-8FDC-42A3-9474-1A3956D46DE8}") = "16", "16", "{BC180CB3-8E48-4304-9BB8-8032F72DF6AF}"
EndProject
Project("{9A19103F-16F7-4668-BE54-9A1E7A4F7556}") = "ConsoleApp16", "ConsoleApp17\ConsoleApp16.csproj", "{FD130EBF-FF54-4225-B4D6-86DA0175CE4D}"
EndProject
Project("{2150E333-8FDC-42A3-9474-1A3956D46DE8}") = "17", "17", "{3C1ECB25-AA19-4321-9D65-0D3EC8F20ED9}"
EndProject
Project("{9A19103F-16F7-4668-BE54-9A1E7A4F7556}") = "ConsoleApp17-verdadero", "ConsoleApp17-verdadero\ConsoleApp17-verdadero.csproj", "{72C816C1-59AA-43A4-AE3B-5659111BAA77}"
EndProject
Project("{2150E333-8FDC-42A3-9474-1A3956D46DE8}") = "06", "06", "{266B7086-B941-4671-A8C9-15709991D3C4}"
EndProject
Project("{9A19103F-16F7-4668-BE54-9A1E7A4F7556}") = "ConsoleApp06", "ConsoleApp06\ConsoleApp06.csproj", "{29187015-32A5-462B-94F4-89181D296C93}"
EndProject
Project("{2150E333-8FDC-42A3-9474-1A3956D46DE8}") = "08", "08", "{3DDDD0E7-7793-4B75-88A2-4E4894AB6AA6}"
EndProject
Project("{9A19103F-16F7-4668-BE54-9A1E7A4F7556}") = "ConsoleApp08", "ConsoleApp08\ConsoleApp08.csproj", "{3BF064C2-47FD-4EB0-9365-8F3640DC403F}"
EndProject
Project("{2150E333-8FDC-42A3-9474-1A3956D46DE8}") = "09", "09", "{8A27EB84-05C8-49A0-8028-A7D6C5EC3CEF}"
EndProject
Project("{9A19103F-16F7-4668-BE54-9A1E7A4F7556}") = "ConsoleApp09", "ConsoleApp09\ConsoleApp09.csproj", "{46291FAB-B651-4A4F-A4C6-3617E089CEDB}"
EndProject
Project("{2150E333-8FDC-42A3-9474-1A3956D46DE8}") = "10", "10", "{2CB35576-998E-41FE-A151-EFF525BEA5A5}"
EndProject
Project("{9A19103F-16F7-4668-BE54-9A1E7A4F7556}") = "ConsoleApp10", "ConsoleApp10\ConsoleApp10.csproj", "{476B484A-CE35-4A39-8593-26FAC6A7756A}"
EndProject
Project("{2150E333-8FDC-42A3-9474-1A3956D46DE8}") = "11", "11", "{6367373C-13FE-4300-A506-C2792ADC082E}"
EndProject
Project("{FAE04EC0-301F-11D3-BF4B-00C04F79EFBC}") = "ConsoleApp11", "ConsoleApp11\ConsoleApp11.csproj", "{B9EFBDD5-081A-438E-9DF3-7F211332428D}"
EndProject
Project("{2150E333-8FDC-42A3-9474-1A3956D46DE8}") = "13", "13", "{538CB33A-C29F-4E72-9BE8-C8039FCDE13A}"
EndProject
Project("{FAE04EC0-301F-11D3-BF4B-00C04F79EFBC}") = "ConsoleApp13", "ConsoleApp13\ConsoleApp13.csproj", "{2473A32A-68DC-41A5-A1CA-8C193C9FBAE7}"
EndProject
Global
	GlobalSection(SolutionConfigurationPlatforms) = preSolution
		Debug|Any CPU = Debug|Any CPU
		Release|Any CPU = Release|Any CPU
	EndGlobalSection
	GlobalSection(ProjectConfigurationPlatforms) = postSolution
		{6420E259-E1EA-4B30-8910-E0B457ADDDF1}.Debug|Any CPU.ActiveCfg = Debug|Any CPU
		{6420E259-E1EA-4B30-8910-E0B457ADDDF1}.Debug|Any CPU.Build.0 = Debug|Any CPU
		{6420E259-E1EA-4B30-8910-E0B457ADDDF1}.Release|Any CPU.ActiveCfg = Release|Any CPU
		{6420E259-E1EA-4B30-8910-E0B457ADDDF1}.Release|Any CPU.Build.0 = Release|Any CPU
		{F5EECFC2-15FD-4FC3-B531-C0E4AC1605FB}.Debug|Any CPU.ActiveCfg = Debug|Any CPU
		{F5EECFC2-15FD-4FC3-B531-C0E4AC1605FB}.Debug|Any CPU.Build.0 = Debug|Any CPU
		{F5EECFC2-15FD-4FC3-B531-C0E4AC1605FB}.Release|Any CPU.ActiveCfg = Release|Any CPU
		{F5EECFC2-15FD-4FC3-B531-C0E4AC1605FB}.Release|Any CPU.Build.0 = Release|Any CPU
		{7BB4CD64-13F1-4E92-9893-3572194FF722}.Debug|Any CPU.ActiveCfg = Debug|Any CPU
		{7BB4CD64-13F1-4E92-9893-3572194FF722}.Debug|Any CPU.Build.0 = Debug|Any CPU
		{7BB4CD64-13F1-4E92-9893-3572194FF722}.Release|Any CPU.ActiveCfg = Release|Any CPU
		{7BB4CD64-13F1-4E92-9893-3572194FF722}.Release|Any CPU.Build.0 = Release|Any CPU
		{D6D4BBE1-D816-4892-9CFD-1ADC1BED0DC0}.Debug|Any CPU.ActiveCfg = Debug|Any CPU
		{D6D4BBE1-D816-4892-9CFD-1ADC1BED0DC0}.Debug|Any CPU.Build.0 = Debug|Any CPU
		{D6D4BBE1-D816-4892-9CFD-1ADC1BED0DC0}.Release|Any CPU.ActiveCfg = Release|Any CPU
		{D6D4BBE1-D816-4892-9CFD-1ADC1BED0DC0}.Release|Any CPU.Build.0 = Release|Any CPU
		{39B8AACB-D938-412D-815A-6469245BFAC7}.Debug|Any CPU.ActiveCfg = Debug|Any CPU
		{39B8AACB-D938-412D-815A-6469245BFAC7}.Debug|Any CPU.Build.0 = Debug|Any CPU
		{39B8AACB-D938-412D-815A-6469245BFAC7}.Release|Any CPU.ActiveCfg = Release|Any CPU
		{39B8AACB-D938-412D-815A-6469245BFAC7}.Release|Any CPU.Build.0 = Release|Any CPU
		{791B7B93-5BC6-43ED-98F5-754DBC717247}.Debug|Any CPU.ActiveCfg = Debug|Any CPU
		{791B7B93-5BC6-43ED-98F5-754DBC717247}.Debug|Any CPU.Build.0 = Debug|Any CPU
		{791B7B93-5BC6-43ED-98F5-754DBC717247}.Release|Any CPU.ActiveCfg = Release|Any CPU
		{791B7B93-5BC6-43ED-98F5-754DBC717247}.Release|Any CPU.Build.0 = Release|Any CPU
		{698C1565-1900-424F-B1E2-C8022DA87F3D}.Debug|Any CPU.ActiveCfg = Debug|Any CPU
		{698C1565-1900-424F-B1E2-C8022DA87F3D}.Debug|Any CPU.Build.0 = Debug|Any CPU
		{698C1565-1900-424F-B1E2-C8022DA87F3D}.Release|Any CPU.ActiveCfg = Release|Any CPU
		{698C1565-1900-424F-B1E2-C8022DA87F3D}.Release|Any CPU.Build.0 = Release|Any CPU
		{62E7FD19-3465-4BC8-90DC-93B46D5ACA7A}.Debug|Any CPU.ActiveCfg = Debug|Any CPU
		{62E7FD19-3465-4BC8-90DC-93B46D5ACA7A}.Debug|Any CPU.Build.0 = Debug|Any CPU
		{62E7FD19-3465-4BC8-90DC-93B46D5ACA7A}.Release|Any CPU.ActiveCfg = Release|Any CPU
		{62E7FD19-3465-4BC8-90DC-93B46D5ACA7A}.Release|Any CPU.Build.0 = Release|Any CPU
		{682EA7E5-5CF6-4FC0-9FE3-F141C87CD4BC}.Debug|Any CPU.ActiveCfg = Debug|Any CPU
		{682EA7E5-5CF6-4FC0-9FE3-F141C87CD4BC}.Debug|Any CPU.Build.0 = Debug|Any CPU
		{682EA7E5-5CF6-4FC0-9FE3-F141C87CD4BC}.Release|Any CPU.ActiveCfg = Release|Any CPU
		{682EA7E5-5CF6-4FC0-9FE3-F141C87CD4BC}.Release|Any CPU.Build.0 = Release|Any CPU
		{FD130EBF-FF54-4225-B4D6-86DA0175CE4D}.Debug|Any CPU.ActiveCfg = Debug|Any CPU
		{FD130EBF-FF54-4225-B4D6-86DA0175CE4D}.Debug|Any CPU.Build.0 = Debug|Any CPU
		{FD130EBF-FF54-4225-B4D6-86DA0175CE4D}.Release|Any CPU.ActiveCfg = Release|Any CPU
		{FD130EBF-FF54-4225-B4D6-86DA0175CE4D}.Release|Any CPU.Build.0 = Release|Any CPU
		{72C816C1-59AA-43A4-AE3B-5659111BAA77}.Debug|Any CPU.ActiveCfg = Debug|Any CPU
		{72C816C1-59AA-43A4-AE3B-5659111BAA77}.Debug|Any CPU.Build.0 = Debug|Any CPU
		{72C816C1-59AA-43A4-AE3B-5659111BAA77}.Release|Any CPU.ActiveCfg = Release|Any CPU
		{72C816C1-59AA-43A4-AE3B-5659111BAA77}.Release|Any CPU.Build.0 = Release|Any CPU
		{29187015-32A5-462B-94F4-89181D296C93}.Debug|Any CPU.ActiveCfg = Debug|Any CPU
		{29187015-32A5-462B-94F4-89181D296C93}.Debug|Any CPU.Build.0 = Debug|Any CPU
		{29187015-32A5-462B-94F4-89181D296C93}.Release|Any CPU.ActiveCfg = Release|Any CPU
		{29187015-32A5-462B-94F4-89181D296C93}.Release|Any CPU.Build.0 = Release|Any CPU
		{3BF064C2-47FD-4EB0-9365-8F3640DC403F}.Debug|Any CPU.ActiveCfg = Debug|Any CPU
		{3BF064C2-47FD-4EB0-9365-8F3640DC403F}.Debug|Any CPU.Build.0 = Debug|Any CPU
		{3BF064C2-47FD-4EB0-9365-8F3640DC403F}.Release|Any CPU.ActiveCfg = Release|Any CPU
		{3BF064C2-47FD-4EB0-9365-8F3640DC403F}.Release|Any CPU.Build.0 = Release|Any CPU
		{46291FAB-B651-4A4F-A4C6-3617E089CEDB}.Debug|Any CPU.ActiveCfg = Debug|Any CPU
		{46291FAB-B651-4A4F-A4C6-3617E089CEDB}.Debug|Any CPU.Build.0 = Debug|Any CPU
		{46291FAB-B651-4A4F-A4C6-3617E089CEDB}.Release|Any CPU.ActiveCfg = Release|Any CPU
		{46291FAB-B651-4A4F-A4C6-3617E089CEDB}.Release|Any CPU.Build.0 = Release|Any CPU
		{476B484A-CE35-4A39-8593-26FAC6A7756A}.Debug|Any CPU.ActiveCfg = Debug|Any CPU
		{476B484A-CE35-4A39-8593-26FAC6A7756A}.Debug|Any CPU.Build.0 = Debug|Any CPU
		{476B484A-CE35-4A39-8593-26FAC6A7756A}.Release|Any CPU.ActiveCfg = Release|Any CPU
		{476B484A-CE35-4A39-8593-26FAC6A7756A}.Release|Any CPU.Build.0 = Release|Any CPU
		{B9EFBDD5-081A-438E-9DF3-7F211332428D}.Debug|Any CPU.ActiveCfg = Debug|Any CPU
		{B9EFBDD5-081A-438E-9DF3-7F211332428D}.Debug|Any CPU.Build.0 = Debug|Any CPU
		{B9EFBDD5-081A-438E-9DF3-7F211332428D}.Release|Any CPU.ActiveCfg = Release|Any CPU
		{B9EFBDD5-081A-438E-9DF3-7F211332428D}.Release|Any CPU.Build.0 = Release|Any CPU
		{2473A32A-68DC-41A5-A1CA-8C193C9FBAE7}.Debug|Any CPU.ActiveCfg = Debug|Any CPU
		{2473A32A-68DC-41A5-A1CA-8C193C9FBAE7}.Debug|Any CPU.Build.0 = Debug|Any CPU
		{2473A32A-68DC-41A5-A1CA-8C193C9FBAE7}.Release|Any CPU.ActiveCfg = Release|Any CPU
		{2473A32A-68DC-41A5-A1CA-8C193C9FBAE7}.Release|Any CPU.Build.0 = Release|Any CPU
	EndGlobalSection
	GlobalSection(SolutionProperties) = preSolution
		HideSolutionNode = FALSE
	EndGlobalSection
	GlobalSection(NestedProjects) = preSolution
		{6420E259-E1EA-4B30-8910-E0B457ADDDF1} = {F2A016D4-B1CB-4599-8FCF-143E0A154BC0}
		{F5EECFC2-15FD-4FC3-B531-C0E4AC1605FB} = {800A1FF6-C9F1-4122-857E-92B23A2012C8}
		{7BB4CD64-13F1-4E92-9893-3572194FF722} = {8435170F-22BC-440A-AD47-91941E2A03C0}
		{D6D4BBE1-D816-4892-9CFD-1ADC1BED0DC0} = {04F4E3D7-38E5-43AD-9922-A2904019CFB6}
		{39B8AACB-D938-412D-815A-6469245BFAC7} = {CB4647EA-5346-4DEE-A6F6-041E22761304}
		{791B7B93-5BC6-43ED-98F5-754DBC717247} = {A36F80EE-D9BA-4F37-BCFD-CD1CA01E2A88}
		{698C1565-1900-424F-B1E2-C8022DA87F3D} = {2F6EDB7A-3A15-4E8F-B6FC-E3140FC724D8}
		{62E7FD19-3465-4BC8-90DC-93B46D5ACA7A} = {3F70B709-E564-422E-A649-7CED928E91B3}
		{682EA7E5-5CF6-4FC0-9FE3-F141C87CD4BC} = {B6AD7273-0931-4E8E-8DBF-46E6851010CB}
		{FD130EBF-FF54-4225-B4D6-86DA0175CE4D} = {BC180CB3-8E48-4304-9BB8-8032F72DF6AF}
		{72C816C1-59AA-43A4-AE3B-5659111BAA77} = {3C1ECB25-AA19-4321-9D65-0D3EC8F20ED9}
		{29187015-32A5-462B-94F4-89181D296C93} = {266B7086-B941-4671-A8C9-15709991D3C4}
		{3BF064C2-47FD-4EB0-9365-8F3640DC403F} = {3DDDD0E7-7793-4B75-88A2-4E4894AB6AA6}
		{46291FAB-B651-4A4F-A4C6-3617E089CEDB} = {8A27EB84-05C8-49A0-8028-A7D6C5EC3CEF}
		{476B484A-CE35-4A39-8593-26FAC6A7756A} = {2CB35576-998E-41FE-A151-EFF525BEA5A5}
		{B9EFBDD5-081A-438E-9DF3-7F211332428D} = {6367373C-13FE-4300-A506-C2792ADC082E}
		{2473A32A-68DC-41A5-A1CA-8C193C9FBAE7} = {538CB33A-C29F-4E72-9BE8-C8039FCDE13A}
	EndGlobalSection
	GlobalSection(ExtensibilityGlobals) = postSolution
		SolutionGuid = {F1E0ADE7-297F-4490-9DD5-4ED7D43A2500}
	EndGlobalSection
EndGlobal
